{
  "locked_at_git_rev": "3d0c3eebae3ceed7b1c143043f81dad66af3d5b3",
  "locked_at_utc": "2026-07-02T13:51:53.708466+00:00",
  "note": "Two-phase commit required: commit this PREREG.json + PREREG.lock in a commit that contains NO outputs/. Run the experiment and commit results separately. The runner verifies this rev is a strict ancestor of the run's HEAD.",
  "prereg_sha256": "681e2f42bf0a90ec7904d4e8e85ec1915f10e2bf3c74f7ff5b86208bda3e2bd9"
}
